
Microsoft Visual Studio Solution File, Format Version 12.00
# Visual Studio Version 17
VisualStudioVersion = 17.10.35122.118
MinimumVisualStudioVersion = 10.0.40219.1
Project("{FAE04EC0-301F-11D3-BF4B-00C04F79EFBC}") = "BookStoreWebApi", "BookStoreWebApi.csproj", "{4372C473-F167-4376-8A5F-5779C882ACDE}"
EndProject
Global
	GlobalSection(SolutionConfigurationPlatforms) = preSolution
		Debug|Any CPU = Debug|Any CPU
		Release|Any CPU = Release|Any CPU
	EndGlobalSection
	GlobalSection(ProjectConfigurationPlatforms) = postSolution
		{4372C473-F167-4376-8A5F-5779C882ACDE}.Debug|Any CPU.ActiveCfg = Debug|Any CPU
		{4372C473-F167-4376-8A5F-5779C882ACDE}.Debug|Any CPU.Build.0 = Debug|Any CPU
		{4372C473-F167-4376-8A5F-5779C882ACDE}.Release|Any CPU.ActiveCfg = Release|Any CPU
		{4372C473-F167-4376-8A5F-5779C882ACDE}.Release|Any CPU.Build.0 = Release|Any CPU
	EndGlobalSection
	GlobalSection(SolutionProperties) = preSolution
		HideSolutionNode = FALSE
	EndGlobalSection
	GlobalSection(ExtensibilityGlobals) = postSolution
		SolutionGuid = {67131AC9-8C28-4B55-8C99-A479617F71E7}
	EndGlobalSection
EndGlobal
